
Microsoft Visual Studio Solution File, Format Version 12.00
# Visual Studio Version 17
VisualStudioVersion = 17.0.31903.59
MinimumVisualStudioVersion = 10.0.40219.1
Project("{2150E333-8FDC-42A3-9474-1A3956D46DE8}") = "src", "src", "{827E0CD3-B72D-47B6-A68D-7590B98EB39B}"
EndProject
Project("{FAE04EC0-301F-11D3-BF4B-00C04F79EFBC}") = "TextAid.AI", "src\TextAid.AI\TextAid.AI.csproj", "{8ADCD5CC-9A9E-44F8-963C-1455AE59CD45}"
EndProject
Project("{FAE04EC0-301F-11D3-BF4B-00C04F79EFBC}") = "TextAid.App", "src\TextAid.App\TextAid.App.csproj", "{82733E8D-85A3-4266-A563-3D1C7CCC0F8E}"
EndProject
Project("{FAE04EC0-301F-11D3-BF4B-00C04F79EFBC}") = "TextAid.Core", "src\TextAid.Core\TextAid.Core.csproj", "{F88833BC-5347-476E-8B85-0BA8E9D49FEA}"
EndProject
Project("{FAE04EC0-301F-11D3-BF4B-00C04F79EFBC}") = "TextAid.Platform.Windows", "src\TextAid.Platform.Windows\TextAid.Platform.Windows.csproj", "{3C61B157-1CC0-4467-B0A8-901823046493}"
EndProject
Project("{2150E333-8FDC-42A3-9474-1A3956D46DE8}") = "tests", "tests", "{0AB3BF05-4346-4AA6-1389-037BE0695223}"
EndProject
Project("{FAE04EC0-301F-11D3-BF4B-00C04F79EFBC}") = "TextAid.AI.Tests", "tests\TextAid.AI.Tests\TextAid.AI.Tests.csproj", "{EFC480D9-C99F-4620-A99E-B827CD5B7CF0}"
EndProject
Project("{FAE04EC0-301F-11D3-BF4B-00C04F79EFBC}") = "TextAid.Core.Tests", "tests\TextAid.Core.Tests\TextAid.Core.Tests.csproj", "{34435CFB-9592-44C0-A67A-8F25DA015D90}"
EndProject
Project("{FAE04EC0-301F-11D3-BF4B-00C04F79EFBC}") = "TextAid.Platform.Windows.Tests", "tests\TextAid.Platform.Windows.Tests\TextAid.Platform.Windows.Tests.csproj", "{0663F2AA-2CC0-462A-A8BF-09DBADFF01FE}"
EndProject
Project("{2150E333-8FDC-42A3-9474-1A3956D46DE8}") = "tools", "tools", "{07C2787E-EAC7-C090-1BA3-A61EC2A24D84}"
EndProject
Project("{FAE04EC0-301F-11D3-BF4B-00C04F79EFBC}") = "TextAid.TestTarget", "tools\TextAid.TestTarget\TextAid.TestTarget.csproj", "{A7DFEE2C-9501-409A-A41D-A697C728E386}"
EndProject
Global
	GlobalSection(SolutionConfigurationPlatforms) = preSolution
		Debug|Any CPU = Debug|Any CPU
		Debug|x64 = Debug|x64
		Debug|x86 = Debug|x86
		Release|Any CPU = Release|Any CPU
		Release|x64 = Release|x64
		Release|x86 = Release|x86
	EndGlobalSection
	GlobalSection(ProjectConfigurationPlatforms) = postSolution
		{8ADCD5CC-9A9E-44F8-963C-1455AE59CD45}.Debug|Any CPU.ActiveCfg = Debug|Any CPU
		{8ADCD5CC-9A9E-44F8-963C-1455AE59CD45}.Debug|Any CPU.Build.0 = Debug|Any CPU
		{8ADCD5CC-9A9E-44F8-963C-1455AE59CD45}.Debug|x64.ActiveCfg = Debug|Any CPU
		{8ADCD5CC-9A9E-44F8-963C-1455AE59CD45}.Debug|x64.Build.0 = Debug|Any CPU
		{8ADCD5CC-9A9E-44F8-963C-1455AE59CD45}.Debug|x86.ActiveCfg = Debug|Any CPU
		{8ADCD5CC-9A9E-44F8-963C-1455AE59CD45}.Debug|x86.Build.0 = Debug|Any CPU
		{8ADCD5CC-9A9E-44F8-963C-1455AE59CD45}.Release|Any CPU.ActiveCfg = Release|Any CPU
		{8ADCD5CC-9A9E-44F8-963C-1455AE59CD45}.Release|Any CPU.Build.0 = Release|Any CPU
		{8ADCD5CC-9A9E-44F8-963C-1455AE59CD45}.Release|x64.ActiveCfg = Release|Any CPU
		{8ADCD5CC-9A9E-44F8-963C-1455AE59CD45}.Release|x64.Build.0 = Release|Any CPU
		{8ADCD5CC-9A9E-44F8-963C-1455AE59CD45}.Release|x86.ActiveCfg = Release|Any CPU
		{8ADCD5CC-9A9E-44F8-963C-1455AE59CD45}.Release|x86.Build.0 = Release|Any CPU
		{82733E8D-85A3-4266-A563-3D1C7CCC0F8E}.Debug|Any CPU.ActiveCfg = Debug|Any CPU
		{82733E8D-85A3-4266-A563-3D1C7CCC0F8E}.Debug|Any CPU.Build.0 = Debug|Any CPU
		{82733E8D-85A3-4266-A563-3D1C7CCC0F8E}.Debug|x64.ActiveCfg = Debug|Any CPU
		{82733E8D-85A3-4266-A563-3D1C7CCC0F8E}.Debug|x64.Build.0 = Debug|Any CPU
		{82733E8D-85A3-4266-A563-3D1C7CCC0F8E}.Debug|x86.ActiveCfg = Debug|Any CPU
		{82733E8D-85A3-4266-A563-3D1C7CCC0F8E}.Debug|x86.Build.0 = Debug|Any CPU
		{82733E8D-85A3-4266-A563-3D1C7CCC0F8E}.Release|Any CPU.ActiveCfg = Release|Any CPU
		{82733E8D-85A3-4266-A563-3D1C7CCC0F8E}.Release|Any CPU.Build.0 = Release|Any CPU
		{82733E8D-85A3-4266-A563-3D1C7CCC0F8E}.Release|x64.ActiveCfg = Release|Any CPU
		{82733E8D-85A3-4266-A563-3D1C7CCC0F8E}.Release|x64.Build.0 = Release|Any CPU
		{82733E8D-85A3-4266-A563-3D1C7CCC0F8E}.Release|x86.ActiveCfg = Release|Any CPU
		{82733E8D-85A3-4266-A563-3D1C7CCC0F8E}.Release|x86.Build.0 = Release|Any CPU
		{F88833BC-5347-476E-8B85-0BA8E9D49FEA}.Debug|Any CPU.ActiveCfg = Debug|Any CPU
		{F88833BC-5347-476E-8B85-0BA8E9D49FEA}.Debug|Any CPU.Build.0 = Debug|Any CPU
		{F88833BC-5347-476E-8B85-0BA8E9D49FEA}.Debug|x64.ActiveCfg = Debug|Any CPU
		{F88833BC-5347-476E-8B85-0BA8E9D49FEA}.Debug|x64.Build.0 = Debug|Any CPU
		{F88833BC-5347-476E-8B85-0BA8E9D49FEA}.Debug|x86.ActiveCfg = Debug|Any CPU
		{F88833BC-5347-476E-8B85-0BA8E9D49FEA}.Debug|x86.Build.0 = Debug|Any CPU
		{F88833BC-5347-476E-8B85-0BA8E9D49FEA}.Release|Any CPU.ActiveCfg = Release|Any CPU
		{F88833BC-5347-476E-8B85-0BA8E9D49FEA}.Release|Any CPU.Build.0 = Release|Any CPU
		{F88833BC-5347-476E-8B85-0BA8E9D49FEA}.Release|x64.ActiveCfg = Release|Any CPU
		{F88833BC-5347-476E-8B85-0BA8E9D49FEA}.Release|x64.Build.0 = Release|Any CPU
		{F88833BC-5347-476E-8B85-0BA8E9D49FEA}.Release|x86.ActiveCfg = Release|Any CPU
		{F88833BC-5347-476E-8B85-0BA8E9D49FEA}.Release|x86.Build.0 = Release|Any CPU
		{3C61B157-1CC0-4467-B0A8-901823046493}.Debug|Any CPU.ActiveCfg = Debug|Any CPU
		{3C61B157-1CC0-4467-B0A8-901823046493}.Debug|Any CPU.Build.0 = Debug|Any CPU
		{3C61B157-1CC0-4467-B0A8-901823046493}.Debug|x64.ActiveCfg = Debug|Any CPU
		{3C61B157-1CC0-4467-B0A8-901823046493}.Debug|x64.Build.0 = Debug|Any CPU
		{3C61B157-1CC0-4467-B0A8-901823046493}.Debug|x86.ActiveCfg = Debug|Any CPU
		{3C61B157-1CC0-4467-B0A8-901823046493}.Debug|x86.Build.0 = Debug|Any CPU
		{3C61B157-1CC0-4467-B0A8-901823046493}.Release|Any CPU.ActiveCfg = Release|Any CPU
		{3C61B157-1CC0-4467-B0A8-901823046493}.Release|Any CPU.Build.0 = Release|Any CPU
		{3C61B157-1CC0-4467-B0A8-901823046493}.Release|x64.ActiveCfg = Release|Any CPU
		{3C61B157-1CC0-4467-B0A8-901823046493}.Release|x64.Build.0 = Release|Any CPU
		{3C61B157-1CC0-4467-B0A8-901823046493}.Release|x86.ActiveCfg = Release|Any CPU
		{3C61B157-1CC0-4467-B0A8-901823046493}.Release|x86.Build.0 = Release|Any CPU
		{EFC480D9-C99F-4620-A99E-B827CD5B7CF0}.Debug|Any CPU.ActiveCfg = Debug|Any CPU
		{EFC480D9-C99F-4620-A99E-B827CD5B7CF0}.Debug|Any CPU.Build.0 = Debug|Any CPU
		{EFC480D9-C99F-4620-A99E-B827CD5B7CF0}.Debug|x64.ActiveCfg = Debug|Any CPU
		{EFC480D9-C99F-4620-A99E-B827CD5B7CF0}.Debug|x64.Build.0 = Debug|Any CPU
		{EFC480D9-C99F-4620-A99E-B827CD5B7CF0}.Debug|x86.ActiveCfg = Debug|Any CPU
		{EFC480D9-C99F-4620-A99E-B827CD5B7CF0}.Debug|x86.Build.0 = Debug|Any CPU
		{EFC480D9-C99F-4620-A99E-B827CD5B7CF0}.Release|Any CPU.ActiveCfg = Release|Any CPU
		{EFC480D9-C99F-4620-A99E-B827CD5B7CF0}.Release|Any CPU.Build.0 = Release|Any CPU
		{EFC480D9-C99F-4620-A99E-B827CD5B7CF0}.Release|x64.ActiveCfg = Release|Any CPU
		{EFC480D9-C99F-4620-A99E-B827CD5B7CF0}.Release|x64.Build.0 = Release|Any CPU
		{EFC480D9-C99F-4620-A99E-B827CD5B7CF0}.Release|x86.ActiveCfg = Release|Any CPU
		{EFC480D9-C99F-4620-A99E-B827CD5B7CF0}.Release|x86.Build.0 = Release|Any CPU
		{34435CFB-9592-44C0-A67A-8F25DA015D90}.Debug|Any CPU.ActiveCfg = Debug|Any CPU
		{34435CFB-9592-44C0-A67A-8F25DA015D90}.Debug|Any CPU.Build.0 = Debug|Any CPU
		{34435CFB-9592-44C0-A67A-8F25DA015D90}.Debug|x64.ActiveCfg = Debug|Any CPU
		{34435CFB-9592-44C0-A67A-8F25DA015D90}.Debug|x64.Build.0 = Debug|Any CPU
		{34435CFB-9592-44C0-A67A-8F25DA015D90}.Debug|x86.ActiveCfg = Debug|Any CPU
		{34435CFB-9592-44C0-A67A-8F25DA015D90}.Debug|x86.Build.0 = Debug|Any CPU
		{34435CFB-9592-44C0-A67A-8F25DA015D90}.Release|Any CPU.ActiveCfg = Release|Any CPU
		{34435CFB-9592-44C0-A67A-8F25DA015D90}.Release|Any CPU.Build.0 = Release|Any CPU
		{34435CFB-9592-44C0-A67A-8F25DA015D90}.Release|x64.ActiveCfg = Release|Any CPU
		{34435CFB-9592-44C0-A67A-8F25DA015D90}.Release|x64.Build.0 = Release|Any CPU
		{34435CFB-9592-44C0-A67A-8F25DA015D90}.Release|x86.ActiveCfg = Release|Any CPU
		{34435CFB-9592-44C0-A67A-8F25DA015D90}.Release|x86.Build.0 = Release|Any CPU
		{0663F2AA-2CC0-462A-A8BF-09DBADFF01FE}.Debug|Any CPU.ActiveCfg = Debug|Any CPU
		{0663F2AA-2CC0-462A-A8BF-09DBADFF01FE}.Debug|Any CPU.Build.0 = Debug|Any CPU
		{0663F2AA-2CC0-462A-A8BF-09DBADFF01FE}.Debug|x64.ActiveCfg = Debug|Any CPU
		{0663F2AA-2CC0-462A-A8BF-09DBADFF01FE}.Debug|x64.Build.0 = Debug|Any CPU
		{0663F2AA-2CC0-462A-A8BF-09DBADFF01FE}.Debug|x86.ActiveCfg = Debug|Any CPU
		{0663F2AA-2CC0-462A-A8BF-09DBADFF01FE}.Debug|x86.Build.0 = Debug|Any CPU
		{0663F2AA-2CC0-462A-A8BF-09DBADFF01FE}.Release|Any CPU.ActiveCfg = Release|Any CPU
		{0663F2AA-2CC0-462A-A8BF-09DBADFF01FE}.Release|Any CPU.Build.0 = Release|Any CPU
		{0663F2AA-2CC0-462A-A8BF-09DBADFF01FE}.Release|x64.ActiveCfg = Release|Any CPU
		{0663F2AA-2CC0-462A-A8BF-09DBADFF01FE}.Release|x64.Build.0 = Release|Any CPU
		{0663F2AA-2CC0-462A-A8BF-09DBADFF01FE}.Release|x86.ActiveCfg = Release|Any CPU
		{0663F2AA-2CC0-462A-A8BF-09DBADFF01FE}.Release|x86.Build.0 = Release|Any CPU
		{A7DFEE2C-9501-409A-A41D-A697C728E386}.Debug|Any CPU.ActiveCfg = Debug|Any CPU
		{A7DFEE2C-9501-409A-A41D-A697C728E386}.Debug|Any CPU.Build.0 = Debug|Any CPU
		{A7DFEE2C-9501-409A-A41D-A697C728E386}.Debug|x64.ActiveCfg = Debug|Any CPU
		{A7DFEE2C-9501-409A-A41D-A697C728E386}.Debug|x64.Build.0 = Debug|Any CPU
		{A7DFEE2C-9501-409A-A41D-A697C728E386}.Debug|x86.ActiveCfg = Debug|Any CPU
		{A7DFEE2C-9501-409A-A41D-A697C728E386}.Debug|x86.Build.0 = Debug|Any CPU
		{A7DFEE2C-9501-409A-A41D-A697C728E386}.Release|Any CPU.ActiveCfg = Release|Any CPU
		{A7DFEE2C-9501-409A-A41D-A697C728E386}.Release|Any CPU.Build.0 = Release|Any CPU
		{A7DFEE2C-9501-409A-A41D-A697C728E386}.Release|x64.ActiveCfg = Release|Any CPU
		{A7DFEE2C-9501-409A-A41D-A697C728E386}.Release|x64.Build.0 = Release|Any CPU
		{A7DFEE2C-9501-409A-A41D-A697C728E386}.Release|x86.ActiveCfg = Release|Any CPU
		{A7DFEE2C-9501-409A-A41D-A697C728E386}.Release|x86.Build.0 = Release|Any CPU
	EndGlobalSection
	GlobalSection(SolutionProperties) = preSolution
		HideSolutionNode = FALSE
	EndGlobalSection
	GlobalSection(NestedProjects) = preSolution
		{8ADCD5CC-9A9E-44F8-963C-1455AE59CD45} = {827E0CD3-B72D-47B6-A68D-7590B98EB39B}
		{82733E8D-85A3-4266-A563-3D1C7CCC0F8E} = {827E0CD3-B72D-47B6-A68D-7590B98EB39B}
		{F88833BC-5347-476E-8B85-0BA8E9D49FEA} = {827E0CD3-B72D-47B6-A68D-7590B98EB39B}
		{3C61B157-1CC0-4467-B0A8-901823046493} = {827E0CD3-B72D-47B6-A68D-7590B98EB39B}
		{EFC480D9-C99F-4620-A99E-B827CD5B7CF0} = {0AB3BF05-4346-4AA6-1389-037BE0695223}
		{34435CFB-9592-44C0-A67A-8F25DA015D90} = {0AB3BF05-4346-4AA6-1389-037BE0695223}
		{0663F2AA-2CC0-462A-A8BF-09DBADFF01FE} = {0AB3BF05-4346-4AA6-1389-037BE0695223}
		{A7DFEE2C-9501-409A-A41D-A697C728E386} = {07C2787E-EAC7-C090-1BA3-A61EC2A24D84}
	EndGlobalSection
EndGlobal
